<?xml version="1.0" encoding="utf-8"?>
<Project ToolsVersion="4.0" xmlns="http://schemas.microsoft.com/developer/msbuild/2003">
  <ItemGroup>
    <ClCompile Include="WinMain.cpp" />
    <ClCompile Include="Precompiled.cpp">
      <Filter>Game\Header</Filter>
    </ClCompile>
    <ClCompile Include="IsoMapScene.cpp">
      <Filter>Game\Survival\Scene</Filter>
    </ClCompile>
    <ClCompile Include="Map.cpp">
      <Filter>Game\Survival</Filter>
    </ClCompile>
    <ClCompile Include="Tile.cpp">
      <Filter>Game\Survival</Filter>
    </ClCompile>
    <ClCompile Include="Player.cpp">
      <Filter>Game\Survival\Unit</Filter>
    </ClCompile>
    <ClCompile Include="Unit.cpp">
      <Filter>Game\Survival\Unit</Filter>
    </ClCompile>
    <ClCompile Include="Item.cpp">
      <Filter>Game\Survival\Item</Filter>
    </ClCompile>
    <ClCompile Include="Inventory.cpp">
      <Filter>Game\Survival\Item</Filter>
    </ClCompile>
    <ClCompile Include="SideMenu.cpp">
      <Filter>Game\Survival\UI</Filter>
    </ClCompile>
    <ClCompile Include="ItemBox.cpp" />
    <ClCompile Include="ItemSlot.cpp" />
    <ClCompile Include="ItemView.cpp" />
    <ClCompile Include="GameManager.cpp" />
  </ItemGroup>
  <ItemGroup>
    <Filter Include="Game">
      <UniqueIdentifier>{7d29f837-bfeb-4a18-b6c1-84d21fb1244c}</UniqueIdentifier>
    </Filter>
    <Filter Include="Game\Header">
      <UniqueIdentifier>{4a0fe4e0-8b62-456a-bb13-a65ba8fb41c7}</UniqueIdentifier>
    </Filter>
    <Filter Include="Game\Survival">
      <UniqueIdentifier>{bdfacad0-59c2-4839-8460-7394af517887}</UniqueIdentifier>
    </Filter>
    <Filter Include="Game\Survival\Scene">
      <UniqueIdentifier>{056e8ddb-aa11-4eff-90e9-f28648f35d1e}</UniqueIdentifier>
    </Filter>
    <Filter Include="Game\Survival\Unit">
      <UniqueIdentifier>{949e1111-87c4-4266-aec9-e4cf2fced973}</UniqueIdentifier>
    </Filter>
    <Filter Include="Game\Survival\Item">
      <UniqueIdentifier>{99122ef9-1026-4c57-bd19-cba1b7cc808d}</UniqueIdentifier>
    </Filter>
    <Filter Include="Game\Survival\UI">
      <UniqueIdentifier>{1620d8f5-e78e-4bb3-8c97-c725acb89b71}</UniqueIdentifier>
    </Filter>
  </ItemGroup>
  <ItemGroup>
    <ClInclude Include="Precompiled.h">
      <Filter>Game\Header</Filter>
    </ClInclude>
    <ClInclude Include="IsoMapScene.h">
      <Filter>Game\Survival\Scene</Filter>
    </ClInclude>
    <ClInclude Include="Map.h">
      <Filter>Game\Survival</Filter>
    </ClInclude>
    <ClInclude Include="Tile.h">
      <Filter>Game\Survival</Filter>
    </ClInclude>
    <ClInclude Include="Player.h">
      <Filter>Game\Survival\Unit</Filter>
    </ClInclude>
    <ClInclude Include="Unit.h">
      <Filter>Game\Survival\Unit</Filter>
    </ClInclude>
    <ClInclude Include="Item.h">
      <Filter>Game\Survival\Item</Filter>
    </ClInclude>
    <ClInclude Include="Inventory.h">
      <Filter>Game\Survival\Item</Filter>
    </ClInclude>
    <ClInclude Include="SideMenu.h">
      <Filter>Game\Survival\UI</Filter>
    </ClInclude>
    <ClInclude Include="ItemBox.h" />
    <ClInclude Include="ItemSlot.h" />
    <ClInclude Include="ItemView.h" />
    <ClInclude Include="GameManager.h" />
  </ItemGroup>
</Project>