<?xml version="1.0" encoding="utf-8"?>
<Project ToolsVersion="4.0" xmlns="http://schemas.microsoft.com/developer/msbuild/2003">
  <ItemGroup>
    <Filter Include="Framework">
      <UniqueIdentifier>{11351350-f530-4507-86b0-31610ed8be96}</UniqueIdentifier>
    </Filter>
    <Filter Include="Framework\Header">
      <UniqueIdentifier>{22d8b7f5-5083-4d74-a627-76f0fa19e185}</UniqueIdentifier>
    </Filter>
    <Filter Include="Framework\Resource">
      <UniqueIdentifier>{9a2c4540-df16-4097-b74d-b9052b3d69e1}</UniqueIdentifier>
    </Filter>
    <Filter Include="Framework\Node">
      <UniqueIdentifier>{c37082b0-58a0-4bbd-8cf7-6ecf20820298}</UniqueIdentifier>
    </Filter>
    <Filter Include="Framework\Physics">
      <UniqueIdentifier>{28802472-fbce-46e5-9ed7-889e03f147d6}</UniqueIdentifier>
    </Filter>
    <Filter Include="Framework\Node\GUI">
      <UniqueIdentifier>{4ccb2cd6-75dd-4d0f-96db-0e6d0c251711}</UniqueIdentifier>
    </Filter>
    <Filter Include="Framework\IO">
      <UniqueIdentifier>{a1fa9359-537d-400e-a1aa-549f03781570}</UniqueIdentifier>
    </Filter>
    <Filter Include="Framework\Debug">
      <UniqueIdentifier>{c52dd55a-9683-4370-adb5-508cd9235c7b}</UniqueIdentifier>
    </Filter>
    <Filter Include="Framework\Graphics">
      <UniqueIdentifier>{afcf3fc9-c8e4-4d84-ae87-f37edce1b9bb}</UniqueIdentifier>
    </Filter>
  </ItemGroup>
  <ItemGroup>
    <ClInclude Include="Precompiled.h">
      <Filter>Framework\Header</Filter>
    </ClInclude>
    <ClInclude Include="TypeDefine.h">
      <Filter>Framework\Header</Filter>
    </ClInclude>
    <ClInclude Include="Director.h">
      <Filter>Framework</Filter>
    </ClInclude>
    <ClInclude Include="Application.h">
      <Filter>Framework</Filter>
    </ClInclude>
    <ClInclude Include="ResourceManager.h">
      <Filter>Framework\Resource</Filter>
    </ClInclude>
    <ClInclude Include="Texture.h">
      <Filter>Framework\Resource</Filter>
    </ClInclude>
    <ClInclude Include="Universe2D.h">
      <Filter>Framework\Header</Filter>
    </ClInclude>
    <ClInclude Include="Collider.h">
      <Filter>Framework\Physics</Filter>
    </ClInclude>
    <ClInclude Include="CircleCollider.h">
      <Filter>Framework\Physics</Filter>
    </ClInclude>
    <ClInclude Include="BoxCollider.h">
      <Filter>Framework\Physics</Filter>
    </ClInclude>
    <ClInclude Include="Object.h">
      <Filter>Framework\Node</Filter>
    </ClInclude>
    <ClInclude Include="Scene.h">
      <Filter>Framework\Node</Filter>
    </ClInclude>
    <ClInclude Include="AnimationSprite.h">
      <Filter>Framework\Node</Filter>
    </ClInclude>
    <ClInclude Include="Sprite.h">
      <Filter>Framework\Node</Filter>
    </ClInclude>
    <ClInclude Include="Label.h">
      <Filter>Framework\Node\GUI</Filter>
    </ClInclude>
    <ClInclude Include="Input.h">
      <Filter>Framework\IO</Filter>
    </ClInclude>
    <ClInclude Include="Console.h">
      <Filter>Framework\Debug</Filter>
    </ClInclude>
    <ClInclude Include="Renderer.h">
      <Filter>Framework\Graphics</Filter>
    </ClInclude>
    <ClInclude Include="Camera.h">
      <Filter>Framework\Node</Filter>
    </ClInclude>
    <ClInclude Include="Singleton.h">
      <Filter>Framework\Header</Filter>
    </ClInclude>
    <ClInclude Include="Button.h">
      <Filter>Framework\Node\GUI</Filter>
    </ClInclude>
    <ClInclude Include="AnimationGroup.h">
      <Filter>Framework\Node</Filter>
    </ClInclude>
    <ClInclude Include="ProgressBar.h">
      <Filter>Framework\Node\GUI</Filter>
    </ClInclude>
  </ItemGroup>
  <ItemGroup>
    <ClCompile Include="Precompiled.cpp">
      <Filter>Framework\Header</Filter>
    </ClCompile>
    <ClCompile Include="TypeDefine.cpp">
      <Filter>Framework\Header</Filter>
    </ClCompile>
    <ClCompile Include="Director.cpp">
      <Filter>Framework</Filter>
    </ClCompile>
    <ClCompile Include="Application.cpp">
      <Filter>Framework</Filter>
    </ClCompile>
    <ClCompile Include="ResourceManager.cpp">
      <Filter>Framework\Resource</Filter>
    </ClCompile>
    <ClCompile Include="Texture.cpp">
      <Filter>Framework\Resource</Filter>
    </ClCompile>
    <ClCompile Include="Collider.cpp">
      <Filter>Framework\Physics</Filter>
    </ClCompile>
    <ClCompile Include="CircleCollider.cpp">
      <Filter>Framework\Physics</Filter>
    </ClCompile>
    <ClCompile Include="BoxCollider.cpp">
      <Filter>Framework\Physics</Filter>
    </ClCompile>
    <ClCompile Include="Object.cpp">
      <Filter>Framework\Node</Filter>
    </ClCompile>
    <ClCompile Include="Scene.cpp">
      <Filter>Framework\Node</Filter>
    </ClCompile>
    <ClCompile Include="AnimationSprite.cpp">
      <Filter>Framework\Node</Filter>
    </ClCompile>
    <ClCompile Include="Sprite.cpp">
      <Filter>Framework\Node</Filter>
    </ClCompile>
    <ClCompile Include="Label.cpp">
      <Filter>Framework\Node\GUI</Filter>
    </ClCompile>
    <ClCompile Include="Input.cpp">
      <Filter>Framework\IO</Filter>
    </ClCompile>
    <ClCompile Include="Renderer.cpp">
      <Filter>Framework\Graphics</Filter>
    </ClCompile>
    <ClCompile Include="Camera.cpp">
      <Filter>Framework\Node</Filter>
    </ClCompile>
    <ClCompile Include="Button.cpp">
      <Filter>Framework\Node\GUI</Filter>
    </ClCompile>
    <ClCompile Include="AnimationGroup.cpp">
      <Filter>Framework\Node</Filter>
    </ClCompile>
    <ClCompile Include="ProgressBar.cpp">
      <Filter>Framework\Node\GUI</Filter>
    </ClCompile>
  </ItemGroup>
</Project>