<?xml version="1.0" encoding="utf-8"?>
<Project ToolsVersion="4.0" xmlns="http://schemas.microsoft.com/developer/msbuild/2003">
  <ItemGroup>
    <Filter Include="Framework">
      <UniqueIdentifier>{11351350-f530-4507-86b0-31610ed8be96}</UniqueIdentifier>
    </Filter>
    <Filter Include="Framework\Application">
      <UniqueIdentifier>{c0b6c557-c0f2-489b-be57-c5d4285dec71}</UniqueIdentifier>
    </Filter>
    <Filter Include="Framework\Header">
      <UniqueIdentifier>{22d8b7f5-5083-4d74-a627-76f0fa19e185}</UniqueIdentifier>
    </Filter>
    <Filter Include="Framework\Renderer">
      <UniqueIdentifier>{4fcde10f-6dbc-4114-b7fc-b6ea64e053fa}</UniqueIdentifier>
    </Filter>
    <Filter Include="Framework\Director">
      <UniqueIdentifier>{89520f1f-6a0f-4a91-94fa-1ce2cc9025ce}</UniqueIdentifier>
    </Filter>
    <Filter Include="Framework\Resource">
      <UniqueIdentifier>{9a2c4540-df16-4097-b74d-b9052b3d69e1}</UniqueIdentifier>
    </Filter>
    <Filter Include="Framework\Resource\Sound">
      <UniqueIdentifier>{1bac221a-c0c0-445d-96f2-1b3a23163117}</UniqueIdentifier>
    </Filter>
    <Filter Include="Framework\Resource\Texture">
      <UniqueIdentifier>{dd1e29ea-2dcd-4fc0-b645-cd8d00cd206b}</UniqueIdentifier>
    </Filter>
    <Filter Include="Framework\Resource\ResourceManager">
      <UniqueIdentifier>{e718fddd-6cc3-4cf0-bd47-f952feaba2ed}</UniqueIdentifier>
    </Filter>
    <Filter Include="Framework\Input">
      <UniqueIdentifier>{8b727944-d704-4afe-8425-455546add55e}</UniqueIdentifier>
    </Filter>
    <Filter Include="Framework\Console">
      <UniqueIdentifier>{fcaae2ae-5331-4fbc-b19f-41f82a1db5b9}</UniqueIdentifier>
    </Filter>
    <Filter Include="Framework\Node">
      <UniqueIdentifier>{c37082b0-58a0-4bbd-8cf7-6ecf20820298}</UniqueIdentifier>
    </Filter>
    <Filter Include="Framework\Node\Object">
      <UniqueIdentifier>{ad6bc9f4-7f1f-477f-8130-04c999a8cdcb}</UniqueIdentifier>
    </Filter>
    <Filter Include="Framework\Node\Sprite">
      <UniqueIdentifier>{ba2f4226-1a4c-4a82-bd7e-e38916f26b9a}</UniqueIdentifier>
    </Filter>
    <Filter Include="Framework\Node\Scene">
      <UniqueIdentifier>{e9650b04-d004-4d7c-bf27-94e9af9f3f84}</UniqueIdentifier>
    </Filter>
    <Filter Include="Framework\Node\UI">
      <UniqueIdentifier>{d374da4c-cf85-4c8d-83a6-d671d4b7d9db}</UniqueIdentifier>
    </Filter>
    <Filter Include="Framework\Node\UI\Label">
      <UniqueIdentifier>{3bd8ccf1-3a2a-4971-8882-9c721df418a6}</UniqueIdentifier>
    </Filter>
    <Filter Include="Framework\Node\Frame">
      <UniqueIdentifier>{61e22435-b7d8-4e53-967c-6d654921cc22}</UniqueIdentifier>
    </Filter>
    <Filter Include="Framework\Node\AnimationSprite">
      <UniqueIdentifier>{eb0f2fc8-673f-4537-986c-6649ffd3f77c}</UniqueIdentifier>
    </Filter>
    <Filter Include="Framework\Node\Collider">
      <UniqueIdentifier>{692422be-46ad-4637-9a06-c7dc0a62f366}</UniqueIdentifier>
    </Filter>
    <Filter Include="Framework\Node\Collider\Box">
      <UniqueIdentifier>{110c0c20-1070-471f-9afb-a0a272456d40}</UniqueIdentifier>
    </Filter>
    <Filter Include="Framework\Node\Collider\Circle">
      <UniqueIdentifier>{6b222e54-ffc8-4031-b428-50e77d7a7f8c}</UniqueIdentifier>
    </Filter>
    <Filter Include="Framework\Node\Collision">
      <UniqueIdentifier>{b2641eda-10cd-47fb-9fd1-860bdbd7ce33}</UniqueIdentifier>
    </Filter>
    <Filter Include="Framework\Node\Collision\Manager">
      <UniqueIdentifier>{8642df10-4139-4553-a3e7-bbe84c971709}</UniqueIdentifier>
    </Filter>
    <Filter Include="Framework\Node\Pool">
      <UniqueIdentifier>{ddbef3ee-1e01-4216-b4a1-bb9f6d4d1540}</UniqueIdentifier>
    </Filter>
  </ItemGroup>
  <ItemGroup>
    <ClInclude Include="Application.h">
      <Filter>Framework\Application</Filter>
    </ClInclude>
    <ClInclude Include="Singleton.h">
      <Filter>Framework\Header</Filter>
    </ClInclude>
    <ClInclude Include="Precompiled.h">
      <Filter>Framework\Header</Filter>
    </ClInclude>
    <ClInclude Include="Renderer.h">
      <Filter>Framework\Renderer</Filter>
    </ClInclude>
    <ClInclude Include="Director.h">
      <Filter>Framework\Director</Filter>
    </ClInclude>
    <ClInclude Include="Texture.h">
      <Filter>Framework\Resource\Texture</Filter>
    </ClInclude>
    <ClInclude Include="ResourceManager.h">
      <Filter>Framework\Resource\ResourceManager</Filter>
    </ClInclude>
    <ClInclude Include="Input.h">
      <Filter>Framework\Input</Filter>
    </ClInclude>
    <ClInclude Include="Console.h">
      <Filter>Framework\Console</Filter>
    </ClInclude>
    <ClInclude Include="Object.h">
      <Filter>Framework\Node\Object</Filter>
    </ClInclude>
    <ClInclude Include="Sprite.h">
      <Filter>Framework\Node\Sprite</Filter>
    </ClInclude>
    <ClInclude Include="Scene.h">
      <Filter>Framework\Node\Scene</Filter>
    </ClInclude>
    <ClInclude Include="Label.h">
      <Filter>Framework\Node\UI\Label</Filter>
    </ClInclude>
    <ClInclude Include="Frame.h">
      <Filter>Framework\Node\Frame</Filter>
    </ClInclude>
    <ClInclude Include="AnimationSprite.h">
      <Filter>Framework\Node\AnimationSprite</Filter>
    </ClInclude>
    <ClInclude Include="Collider.h">
      <Filter>Framework\Node\Collider</Filter>
    </ClInclude>
    <ClInclude Include="BoxCollider.h">
      <Filter>Framework\Node\Collider\Box</Filter>
    </ClInclude>
    <ClInclude Include="CircleCollider.h">
      <Filter>Framework\Node\Collider\Circle</Filter>
    </ClInclude>
    <ClInclude Include="CollisionManager.h">
      <Filter>Framework\Node\Collision\Manager</Filter>
    </ClInclude>
    <ClInclude Include="TypeDefine.h">
      <Filter>Framework\Header</Filter>
    </ClInclude>
    <ClInclude Include="AutoReleasePool.h">
      <Filter>Framework\Node\Pool</Filter>
    </ClInclude>
  </ItemGroup>
  <ItemGroup>
    <ClCompile Include="Application.cpp">
      <Filter>Framework\Application</Filter>
    </ClCompile>
    <ClCompile Include="Precompiled.cpp">
      <Filter>Framework\Header</Filter>
    </ClCompile>
    <ClCompile Include="Renderer.cpp">
      <Filter>Framework\Renderer</Filter>
    </ClCompile>
    <ClCompile Include="Director.cpp">
      <Filter>Framework\Director</Filter>
    </ClCompile>
    <ClCompile Include="Texture.cpp">
      <Filter>Framework\Resource\Texture</Filter>
    </ClCompile>
    <ClCompile Include="ResourceManager.cpp">
      <Filter>Framework\Resource\ResourceManager</Filter>
    </ClCompile>
    <ClCompile Include="Input.cpp">
      <Filter>Framework\Input</Filter>
    </ClCompile>
    <ClCompile Include="Object.cpp">
      <Filter>Framework\Node\Object</Filter>
    </ClCompile>
    <ClCompile Include="Sprite.cpp">
      <Filter>Framework\Node\Sprite</Filter>
    </ClCompile>
    <ClCompile Include="Scene.cpp">
      <Filter>Framework\Node\Scene</Filter>
    </ClCompile>
    <ClCompile Include="Label.cpp">
      <Filter>Framework\Node\UI\Label</Filter>
    </ClCompile>
    <ClCompile Include="Frame.cpp">
      <Filter>Framework\Node\Frame</Filter>
    </ClCompile>
    <ClCompile Include="AnimationSprite.cpp">
      <Filter>Framework\Node\AnimationSprite</Filter>
    </ClCompile>
    <ClCompile Include="Collider.cpp">
      <Filter>Framework\Node\Collider</Filter>
    </ClCompile>
    <ClCompile Include="BoxCollider.cpp">
      <Filter>Framework\Node\Collider\Box</Filter>
    </ClCompile>
    <ClCompile Include="CircleCollider.cpp">
      <Filter>Framework\Node\Collider\Circle</Filter>
    </ClCompile>
    <ClCompile Include="CollisionManager.cpp">
      <Filter>Framework\Node\Collision\Manager</Filter>
    </ClCompile>
    <ClCompile Include="TypeDefine.cpp">
      <Filter>Framework\Header</Filter>
    </ClCompile>
    <ClCompile Include="AutoReleasePool.cpp">
      <Filter>Framework\Node\Pool</Filter>
    </ClCompile>
  </ItemGroup>
</Project>